<?xml version="1.0" encoding="utf-8"?>
<Project ToolsVersion="4.0" xmlns="http://schemas.microsoft.com/developer/msbuild/2003">
  <ItemGroup>
    <Filter Include="Source Files">
      <UniqueIdentifier>{4FC737F1-C7A5-4376-A066-2A32D752A2FF}</UniqueIdentifier>
      <Extensions>cpp;c;cc;cxx;c++;cppm;ixx;def;odl;idl;hpj;bat;asm;asmx</Extensions>
    </Filter>
    <Filter Include="Header Files">
      <UniqueIdentifier>{93995380-89BD-4b04-88EB-625FBE52EBFB}</UniqueIdentifier>
      <Extensions>h;hh;hpp;hxx;h++;hm;inl;inc;ipp;xsd</Extensions>
    </Filter>
    <Filter Include="Resource Files">
      <UniqueIdentifier>{67DA6AB6-F800-4c08-8B7A-83BB121AAD01}</UniqueIdentifier>
      <Extensions>rc;ico;cur;bmp;dlg;rc2;rct;bin;rgs;gif;jpg;jpeg;jpe;resx;tiff;tif;png;wav;mfcribbon-ms</Extensions>
    </Filter>
  </ItemGroup>
  <ItemGroup>
    <ClInclude Include="src\AutonomousWorker.h">
      <Filter>Header Files</Filter>
    </ClInclude>
    <ClInclude Include="src\DarksApp.h">
      <Filter>Header Files</Filter>
    </ClInclude>
    <ClInclude Include="src\DarksDiscord.h">
      <Filter>Header Files</Filter>
    </ClInclude>
    <ClInclude Include="src\GlobalTimerManager.h">
      <Filter>Header Files</Filter>
    </ClInclude>
    <ClInclude Include="src\Log.h">
      <Filter>Header Files</Filter>
    </ClInclude>
    <ClInclude Include="src\MainThreadDispatcher.h">
      <Filter>Header Files</Filter>
    </ClInclude>
    <ClInclude Include="src\OverlayWindowBase.h">
      <Filter>Header Files</Filter>
    </ClInclude>
    <ClInclude Include="src\SyncInfo.h">
      <Filter>Header Files</Filter>
    </ClInclude>
    <ClInclude Include="src\controller\CameraController.h">
      <Filter>Header Files</Filter>
    </ClInclude>
    <ClInclude Include="src\controller\DisplayController.h">
      <Filter>Header Files</Filter>
    </ClInclude>
    <ClInclude Include="src\controller\GeneralController.h">
      <Filter>Header Files</Filter>
    </ClInclude>
    <ClInclude Include="src\controller\IDisplayCtrlPanel.h">
      <Filter>Header Files</Filter>
    </ClInclude>
    <ClInclude Include="src\controller\IDisplayHUD.h">
      <Filter>Header Files</Filter>
    </ClInclude>
    <ClInclude Include="src\controller\IDisposable.h">
      <Filter>Header Files</Filter>
    </ClInclude>
    <ClInclude Include="src\controller\IdleController.h">
      <Filter>Header Files</Filter>
    </ClInclude>
    <ClInclude Include="src\controller\IHotKeyable.h">
      <Filter>Header Files</Filter>
    </ClInclude>
    <ClInclude Include="src\controller\IKeyListener.h">
      <Filter>Header Files</Filter>
    </ClInclude>
    <ClInclude Include="src\controller\InventoryController.h">
      <Filter>Header Files</Filter>
    </ClInclude>
    <ClInclude Include="src\controller\IQueueable.h">
      <Filter>Header Files</Filter>
    </ClInclude>
    <ClInclude Include="src\controller\ISpecifyServer.h">
      <Filter>Header Files</Filter>
    </ClInclude>
    <ClInclude Include="src\controller\KeyboardController.h">
      <Filter>Header Files</Filter>
    </ClInclude>
    <ClInclude Include="src\controller\MouseController.h">
      <Filter>Header Files</Filter>
    </ClInclude>
    <ClInclude Include="src\controller\MovementController.h">
      <Filter>Header Files</Filter>
    </ClInclude>
    <ClInclude Include="src\controller\ProcessController.h">
      <Filter>Header Files</Filter>
    </ClInclude>
    <ClInclude Include="src\controller\ServerController.h">
      <Filter>Header Files</Filter>
    </ClInclude>
    <ClInclude Include="src\controller\SpawnController.h">
      <Filter>Header Files</Filter>
    </ClInclude>
    <ClInclude Include="src\controller\SuicideController.h">
      <Filter>Header Files</Filter>
    </ClInclude>
    <ClInclude Include="src\controller\TribeLogController.h">
      <Filter>Header Files</Filter>
    </ClInclude>
    <ClInclude Include="src\io\GlobalHotKeyManager.h">
      <Filter>Header Files</Filter>
    </ClInclude>
    <ClInclude Include="src\io\GlobalKeyListener.h">
      <Filter>Header Files</Filter>
    </ClInclude>
    <ClInclude Include="src\io\HotKey.h">
      <Filter>Header Files</Filter>
    </ClInclude>
    <ClInclude Include="src\io\Pixel.h">
      <Filter>Header Files</Filter>
    </ClInclude>
    <ClInclude Include="src\io\Screen.h">
      <Filter>Header Files</Filter>
    </ClInclude>
    <ClInclude Include="src\io\VirtualInput.h">
      <Filter>Header Files</Filter>
    </ClInclude>
    <ClInclude Include="src\io\Window.h">
      <Filter>Header Files</Filter>
    </ClInclude>
    <ClInclude Include="src\ui\AutonomousModeWindow.h">
      <Filter>Header Files</Filter>
    </ClInclude>
    <ClInclude Include="src\ui\DarksImguiWindow.h">
      <Filter>Header Files</Filter>
    </ClInclude>
    <ClInclude Include="src\Framework.h">
      <Filter>Header Files</Filter>
    </ClInclude>
    <ClInclude Include="src\Darks.h">
      <Filter>Header Files</Filter>
    </ClInclude>
    <ClInclude Include="src\io\Resolution.h">
      <Filter>Header Files</Filter>
    </ClInclude>
    <ClInclude Include="src\ServiceContext.h">
      <Filter>Header Files</Filter>
    </ClInclude>
    <ClInclude Include="src\ui\LoginWindow.h">
      <Filter>Header Files</Filter>
    </ClInclude>
    <ClInclude Include="src\controller\crate\LootCrateFarmController.h">
      <Filter>Header Files</Filter>
    </ClInclude>
    <ClInclude Include="src\controller\crate\station\DefaultCrateStation.h">
      <Filter>Header Files</Filter>
    </ClInclude>
    <ClInclude Include="src\controller\crate\Crate.h">
      <Filter>Header Files</Filter>
    </ClInclude>
    <ClInclude Include="src\controller\crate\station\CrateStation.h">
      <Filter>Header Files</Filter>
    </ClInclude>
    <ClInclude Include="src\controller\crate\navigator\SwanDiveNavigator.h">
      <Filter>Header Files</Filter>
    </ClInclude>
    <ClInclude Include="src\controller\crate\navigator\INavigateable.h">
      <Filter>Header Files</Filter>
    </ClInclude>
    <ClInclude Include="src\controller\CameraDirection.h">
      <Filter>Header Files</Filter>
    </ClInclude>
    <ClInclude Include="src\ui\Wrapper.h">
      <Filter>Header Files</Filter>
    </ClInclude>
  </ItemGroup>
  <ItemGroup>
    <ClCompile Include="src\Darks.cpp">
      <Filter>Source Files</Filter>
    </ClCompile>
    <ClCompile Include="src\AutonomousWorker.cpp">
      <Filter>Source Files</Filter>
    </ClCompile>
    <ClCompile Include="src\DarksApp.cpp">
      <Filter>Source Files</Filter>
    </ClCompile>
    <ClCompile Include="src\DarksDiscord.cpp">
      <Filter>Source Files</Filter>
    </ClCompile>
    <ClCompile Include="src\GlobalTimerManager.cpp">
      <Filter>Source Files</Filter>
    </ClCompile>
    <ClCompile Include="src\Log.cpp">
      <Filter>Source Files</Filter>
    </ClCompile>
    <ClCompile Include="src\MainThreadDispatcher.cpp">
      <Filter>Source Files</Filter>
    </ClCompile>
    <ClCompile Include="src\OverlayWindowBase.cpp">
      <Filter>Source Files</Filter>
    </ClCompile>
    <ClCompile Include="src\SyncInfo.cpp">
      <Filter>Source Files</Filter>
    </ClCompile>
    <ClCompile Include="src\controller\CameraController.cpp">
      <Filter>Source Files</Filter>
    </ClCompile>
    <ClCompile Include="src\controller\DisplayController.cpp">
      <Filter>Source Files</Filter>
    </ClCompile>
    <ClCompile Include="src\controller\IdleController.cpp">
      <Filter>Source Files</Filter>
    </ClCompile>
    <ClCompile Include="src\controller\InventoryController.cpp">
      <Filter>Source Files</Filter>
    </ClCompile>
    <ClCompile Include="src\controller\IQueueable.cpp">
      <Filter>Source Files</Filter>
    </ClCompile>
    <ClCompile Include="src\controller\KeyboardController.cpp">
      <Filter>Source Files</Filter>
    </ClCompile>
    <ClCompile Include="src\controller\MouseController.cpp">
      <Filter>Source Files</Filter>
    </ClCompile>
    <ClCompile Include="src\controller\MovementController.cpp">
      <Filter>Source Files</Filter>
    </ClCompile>
    <ClCompile Include="src\controller\ProcessController.cpp">
      <Filter>Source Files</Filter>
    </ClCompile>
    <ClCompile Include="src\controller\ServerController.cpp">
      <Filter>Source Files</Filter>
    </ClCompile>
    <ClCompile Include="src\controller\SpawnController.cpp">
      <Filter>Source Files</Filter>
    </ClCompile>
    <ClCompile Include="src\controller\SuicideController.cpp">
      <Filter>Source Files</Filter>
    </ClCompile>
    <ClCompile Include="src\controller\TribeLogController.cpp">
      <Filter>Source Files</Filter>
    </ClCompile>
    <ClCompile Include="src\io\GlobalHotKeyManager.cpp">
      <Filter>Source Files</Filter>
    </ClCompile>
    <ClCompile Include="src\io\GlobalKeyListener.cpp">
      <Filter>Source Files</Filter>
    </ClCompile>
    <ClCompile Include="src\io\HotKey.cpp">
      <Filter>Source Files</Filter>
    </ClCompile>
    <ClCompile Include="src\ui\AutonomousModeWindow.cpp">
      <Filter>Source Files</Filter>
    </ClCompile>
    <ClCompile Include="src\ui\DarksImguiWindow.cpp">
      <Filter>Source Files</Filter>
    </ClCompile>
    <ClCompile Include="src\io\Resolution.cpp">
      <Filter>Source Files</Filter>
    </ClCompile>
    <ClCompile Include="src\ServiceContext.cpp">
      <Filter>Source Files</Filter>
    </ClCompile>
    <ClCompile Include="src\ui\LoginWindow.cpp">
      <Filter>Source Files</Filter>
    </ClCompile>
    <ClCompile Include="src\controller\ILoadable.h">
      <Filter>Source Files</Filter>
    </ClCompile>
    <ClCompile Include="src\controller\ILoadable.cpp">
      <Filter>Source Files</Filter>
    </ClCompile>
    <ClCompile Include="src\controller\crate\LootCrateFarmController.cpp">
      <Filter>Source Files</Filter>
    </ClCompile>
    <ClCompile Include="src\controller\crate\station\DefaultCrateStation.cpp">
      <Filter>Source Files</Filter>
    </ClCompile>
    <ClCompile Include="src\controller\crate\station\CrateStation.cpp">
      <Filter>Source Files</Filter>
    </ClCompile>
    <ClCompile Include="src\controller\crate\navigator\SwanDiveNavigator.cpp">
      <Filter>Source Files</Filter>
    </ClCompile>
    <ClCompile Include="src\controller\crate\Crate.cpp">
      <Filter>Source Files</Filter>
    </ClCompile>
    <ClCompile Include="src\ui\Wrapper.cpp">
      <Filter>Source Files</Filter>
    </ClCompile>
  </ItemGroup>
</Project>